# This file is autogenerated, do not edit; changes may be undone by the next 'dep ensure'.


[[projects]]
  name = "cloud.google.com/go"
  packages = ["compute/metadata","internal"]
  revision = "cc13a9bec59f97f8ea60047fedd3005668851a70"

[[projects]]
  name = "github.com/Sirupsen/logrus"
  packages = ["."]
  revision = "0208149b40d863d2c1a2f8fe5753096a9cf2cc8b"
  version = "v0.11.4"

[[projects]]
  name = "github.com/golang/protobuf"
  packages = ["proto"]
  revision = "c9c7427a2a70d2eb3bafa0ab2dc163e45f143317"

[[projects]]
  name = "github.com/googleapis/gax-go"
  packages = ["."]
  revision = "8c5154c0fe5bf18cf649634d4c6df50897a32751"

[[projects]]
  name = "github.com/gorilla/context"
  packages = ["."]
  revision = "1ea25387ff6f684839d82767c1733ff4d4d15d0a"
  version = "v1.1"

[[projects]]
  branch = "master"
  name = "github.com/gorilla/securecookie"
  packages = ["."]
  revision = "e59506cc896acb7f7bf732d4fdf5e25f7ccd8983"

[[projects]]
  name = "github.com/gorilla/sessions"
  packages = ["."]
  revision = "ca9ada44574153444b00d3fd9c8559e4cc95f896"
  version = "v1.1"

[[projects]]
  branch = "master"
  name = "github.com/lestrrat/go-server-starter"
  packages = ["listener"]
  revision = "f9cb0b066498d26a90fd918fe265adbb0ea02bcf"

[[projects]]
  name = "golang.org/x/net"
  packages = ["context","context/ctxhttp","http2","http2/hpack","idna","internal/timeseries","lex/httplex","trace"]
  revision = "a6577fac2d73be281a500b310739095313165611"

[[projects]]
  branch = "master"
  name = "golang.org/x/oauth2"
  packages = [".","google","internal","jws","jwt"]
  revision = "f047394b6d14284165300fd82dad67edb3a4d7f6"

[[projects]]
  name = "golang.org/x/sys"
  packages = ["unix"]
  revision = "99f16d856c9836c42d24e7ab64ea72916925fa97"

[[projects]]
  name = "google.golang.org/appengine"
  packages = [".","internal","internal/app_identity","internal/base","internal/datastore","internal/log","internal/modules","internal/remote_api","internal/urlfetch","urlfetch"]
  revision = "b79c28f0197795b4050bfcd7c4c2209136c594b1"

[[projects]]
  name = "google.golang.org/grpc"
  packages = [".","codes","credentials","grpclog","internal","keepalive","metadata","naming","peer","stats","tap","transport"]
  revision = "4eaacfed9779ee7568c9e72e9f763dbd3af8e0b4"

[[projects]]
  branch = "v2"
  name = "gopkg.in/yaml.v2"
  packages = ["."]
  revision = "cd8b52f8269e0feb286dfeef29f8fe4d5b397e0b"

[solve-meta]
  analyzer-name = "dep"
  analyzer-version = 1
  inputs-digest = "bfb8f8aca07d47dc41096d69210930ad7b075ff787c5724b5bcf55869813a93b"
  solver-name = "gps-cdcl"
  solver-version = 1
